
Microsoft Visual Studio Solution File, Format Version 12.00
# Visual Studio Version 16
VisualStudioVersion = 16.0.31019.35
MinimumVisualStudioVersion = 10.0.40219.1
Project("{FAE04EC0-301F-11D3-BF4B-00C04F79EFBC}") = "ChessGame", "ChessGame\ChessGame.csproj", "{07C80753-8D6F-4902-A919-88E9B30451E2}"
EndProject
Global
	GlobalSection(SolutionConfigurationPlatforms) = preSolution
		Debug|Any CPU = Debug|Any CPU
		Release|Any CPU = Release|Any CPU
	EndGlobalSection
	GlobalSection(ProjectConfigurationPlatforms) = postSolution
		{07C80753-8D6F-4902-A919-88E9B30451E2}.Debug|Any CPU.ActiveCfg = Debug|Any CPU
		{07C80753-8D6F-4902-A919-88E9B30451E2}.Debug|Any CPU.Build.0 = Debug|Any CPU
		{07C80753-8D6F-4902-A919-88E9B30451E2}.Release|Any CPU.ActiveCfg = Release|Any CPU
		{07C80753-8D6F-4902-A919-88E9B30451E2}.Release|Any CPU.Build.0 = Release|Any CPU
	EndGlobalSection
	GlobalSection(SolutionProperties) = preSolution
		HideSolutionNode = FALSE
	EndGlobalSection
	GlobalSection(ExtensibilityGlobals) = postSolution
		SolutionGuid = {A0E984F1-A920-4A44-B96F-A1681A6ED483}
	EndGlobalSection
EndGlobal
